// !$*UTF8*$!
{
	archiveVersion = 1;
	classes = {
	};
	objectVersion = 50;
	objects = {

/* Begin PBXBuildFile section */
		250728BF2475BF2100396FEC /* StoreKitHelper.swift in Sources */ = {isa = PBXBuildFile; fileRef = 250728BE2475BF2100396FEC /* StoreKitHelper.swift */; };
		25484A37245B21D2001C39E0 /* AppDelegate.swift in Sources */ = {isa = PBXBuildFile; fileRef = 25484A36245B21D2001C39E0 /* AppDelegate.swift */; };
		25484A39245B21D2001C39E0 /* SceneDelegate.swift in Sources */ = {isa = PBXBuildFile; fileRef = 25484A38245B21D2001C39E0 /* SceneDelegate.swift */; };
		25484A3B245B21D2001C39E0 /* ContentView.swift in Sources */ = {isa = PBXBuildFile; fileRef = 25484A3A245B21D2001C39E0 /* ContentView.swift */; };
		25484A3D245B21D5001C39E0 /* Assets.xcassets in Resources */ = {isa = PBXBuildFile; fileRef = 25484A3C245B21D5001C39E0 /* Assets.xcassets */; };
		25484A40245B21D5001C39E0 /* Preview Assets.xcassets in Resources */ = {isa = PBXBuildFile; fileRef = 25484A3F245B21D5001C39E0 /* Preview Assets.xcassets */; };
		25484A43245B21D5001C39E0 /* LaunchScreen.storyboard in Resources */ = {isa = PBXBuildFile; fileRef = 25484A41245B21D5001C39E0 /* LaunchScreen.storyboard */; };
		25484A57245BC1D5001C39E0 /* DismissKeyboardModifier.swift in Sources */ = {isa = PBXBuildFile; fileRef = 25484A55245BC1D5001C39E0 /* DismissKeyboardModifier.swift */; };
		257F86A0246217840023A451 /* CurrencyTextField.swift in Sources */ = {isa = PBXBuildFile; fileRef = 257F869F246217840023A451 /* CurrencyTextField.swift */; };
		258B1E3B24772CCA004BE308 /* ActivityViewController.swift in Sources */ = {isa = PBXBuildFile; fileRef = 258B1E3A24772CCA004BE308 /* ActivityViewController.swift */; };
		258B1E3D24772E48004BE308 /* ButtonStyleModifier.swift in Sources */ = {isa = PBXBuildFile; fileRef = 258B1E3C24772E48004BE308 /* ButtonStyleModifier.swift */; };
		258B1E3F24772E9C004BE308 /* Extensions.swift in Sources */ = {isa = PBXBuildFile; fileRef = 258B1E3E24772E9C004BE308 /* Extensions.swift */; };
		258B1E4224773460004BE308 /* TextFieldModifier.swift in Sources */ = {isa = PBXBuildFile; fileRef = 258B1E4124773460004BE308 /* TextFieldModifier.swift */; };
		258B1E44247872C2004BE308 /* SettingsView.swift in Sources */ = {isa = PBXBuildFile; fileRef = 258B1E43247872C2004BE308 /* SettingsView.swift */; };
		25C0789E246B0E9A00209EB2 /* TipViewModel.swift in Sources */ = {isa = PBXBuildFile; fileRef = 25C0789D246B0E9A00209EB2 /* TipViewModel.swift */; };
/* End PBXBuildFile section */

/* Begin PBXCopyFilesBuildPhase section */
		2510944D2460C599002F3E87 /* Embed Watch Content */ = {
			isa = PBXCopyFilesBuildPhase;
			buildActionMask = 2147483647;
			dstPath = "$(CONTENTS_FOLDER_PATH)/Watch";
			dstSubfolderSpec = 16;
			files = (
			);
			name = "Embed Watch Content";
			runOnlyForDeploymentPostprocessing = 0;
		};
/* End PBXCopyFilesBuildPhase section */

/* Begin PBXFileReference section */
		250728BE2475BF2100396FEC /* StoreKitHelper.swift */ = {isa = PBXFileReference; lastKnownFileType = sourcecode.swift; path = StoreKitHelper.swift; sourceTree = "<group>"; };
		25484A33245B21D2001C39E0 /* Quick Tip.app */ = {isa = PBXFileReference; explicitFileType = wrapper.application; includeInIndex = 0; path = "Quick Tip.app"; sourceTree = BUILT_PRODUCTS_DIR; };
		25484A36245B21D2001C39E0 /* AppDelegate.swift */ = {isa = PBXFileReference; lastKnownFileType = sourcecode.swift; path = AppDelegate.swift; sourceTree = "<group>"; };
		25484A38245B21D2001C39E0 /* SceneDelegate.swift */ = {isa = PBXFileReference; lastKnownFileType = sourcecode.swift; path = SceneDelegate.swift; sourceTree = "<group>"; };
		25484A3A245B21D2001C39E0 /* ContentView.swift */ = {isa = PBXFileReference; lastKnownFileType = sourcecode.swift; path = ContentView.swift; sourceTree = "<group>"; };
		25484A3C245B21D5001C39E0 /* Assets.xcassets */ = {isa = PBXFileReference; lastKnownFileType = folder.assetcatalog; path = Assets.xcassets; sourceTree = "<group>"; };
		25484A3F245B21D5001C39E0 /* Preview Assets.xcassets */ = {isa = PBXFileReference; lastKnownFileType = folder.assetcatalog; path = "Preview Assets.xcassets"; sourceTree = "<group>"; };
		25484A42245B21D5001C39E0 /* Base */ = {isa = PBXFileReference; lastKnownFileType = file.storyboard; name = Base; path = Base.lproj/LaunchScreen.storyboard; sourceTree = "<group>"; };
		25484A44245B21D5001C39E0 /* Info.plist */ = {isa = PBXFileReference; lastKnownFileType = text.plist.xml; path = Info.plist; sourceTree = "<group>"; };
		25484A55245BC1D5001C39E0 /* DismissKeyboardModifier.swift */ = {isa = PBXFileReference; fileEncoding = 4; lastKnownFileType = sourcecode.swift; path = DismissKeyboardModifier.swift; sourceTree = "<group>"; };
		257F869F246217840023A451 /* CurrencyTextField.swift */ = {isa = PBXFileReference; lastKnownFileType = sourcecode.swift; path = CurrencyTextField.swift; sourceTree = "<group>"; };
		257F86A32463534C0023A451 /* Quick Tip.entitlements */ = {isa = PBXFileReference; lastKnownFileType = text.plist.entitlements; path = "Quick Tip.entitlements"; sourceTree = "<group>"; };
		258B1E3A24772CCA004BE308 /* ActivityViewController.swift */ = {isa = PBXFileReference; lastKnownFileType = sourcecode.swift; path = ActivityViewController.swift; sourceTree = "<group>"; };
		258B1E3C24772E48004BE308 /* ButtonStyleModifier.swift */ = {isa = PBXFileReference; lastKnownFileType = sourcecode.swift; path = ButtonStyleModifier.swift; sourceTree = "<group>"; };
		258B1E3E24772E9C004BE308 /* Extensions.swift */ = {isa = PBXFileReference; lastKnownFileType = sourcecode.swift; path = Extensions.swift; sourceTree = "<group>"; };
		258B1E4124773460004BE308 /* TextFieldModifier.swift */ = {isa = PBXFileReference; lastKnownFileType = sourcecode.swift; path = TextFieldModifier.swift; sourceTree = "<group>"; };
		258B1E43247872C2004BE308 /* SettingsView.swift */ = {isa = PBXFileReference; lastKnownFileType = sourcecode.swift; path = SettingsView.swift; sourceTree = "<group>"; };
		25C0789D246B0E9A00209EB2 /* TipViewModel.swift */ = {isa = PBXFileReference; fileEncoding = 4; lastKnownFileType = sourcecode.swift; path = TipViewModel.swift; sourceTree = "<group>"; };
/* End PBXFileReference section */

/* Begin PBXFrameworksBuildPhase section */
		25484A30245B21D2001C39E0 /* Frameworks */ = {
			isa = PBXFrameworksBuildPhase;
			buildActionMask = 2147483647;
			files = (
			);
			runOnlyForDeploymentPostprocessing = 0;
		};
/* End PBXFrameworksBuildPhase section */

/* Begin PBXGroup section */
		250728BD2475BF0600396FEC /* Helpers */ = {
			isa = PBXGroup;
			children = (
				250728BE2475BF2100396FEC /* StoreKitHelper.swift */,
				258B1E3E24772E9C004BE308 /* Extensions.swift */,
			);
			path = Helpers;
			sourceTree = "<group>";
		};
		25484A2A245B21D2001C39E0 = {
			isa = PBXGroup;
			children = (
				25484A35245B21D2001C39E0 /* Quick Tip */,
				25484A34245B21D2001C39E0 /* Products */,
			);
			sourceTree = "<group>";
		};
		25484A34245B21D2001C39E0 /* Products */ = {
			isa = PBXGroup;
			children = (
				25484A33245B21D2001C39E0 /* Quick Tip.app */,
			);
			name = Products;
			sourceTree = "<group>";
		};
		25484A35245B21D2001C39E0 /* Quick Tip */ = {
			isa = PBXGroup;
			children = (
				257F86A32463534C0023A451 /* Quick Tip.entitlements */,
				250728BD2475BF0600396FEC /* Helpers */,
				25484A54245BC1D5001C39E0 /* ViewModifiers */,
				25C0789B246B0E6C00209EB2 /* ViewModel */,
				258B1E4024772F64004BE308 /* View */,
				25484A36245B21D2001C39E0 /* AppDelegate.swift */,
				25484A38245B21D2001C39E0 /* SceneDelegate.swift */,
				25484A3C245B21D5001C39E0 /* Assets.xcassets */,
				25484A41245B21D5001C39E0 /* LaunchScreen.storyboard */,
				25484A44245B21D5001C39E0 /* Info.plist */,
				25484A3E245B21D5001C39E0 /* Preview Content */,
			);
			path = "Quick Tip";
			sourceTree = "<group>";
		};
		25484A3E245B21D5001C39E0 /* Preview Content */ = {
			isa = PBXGroup;
			children = (
				25484A3F245B21D5001C39E0 /* Preview Assets.xcassets */,
			);
			path = "Preview Content";
			sourceTree = "<group>";
		};
		25484A54245BC1D5001C39E0 /* ViewModifiers */ = {
			isa = PBXGroup;
			children = (
				25484A55245BC1D5001C39E0 /* DismissKeyboardModifier.swift */,
				258B1E3C24772E48004BE308 /* ButtonStyleModifier.swift */,
				258B1E4124773460004BE308 /* TextFieldModifier.swift */,
			);
			path = ViewModifiers;
			sourceTree = "<group>";
		};
		258B1E4024772F64004BE308 /* View */ = {
			isa = PBXGroup;
			children = (
				257F869F246217840023A451 /* CurrencyTextField.swift */,
				258B1E3A24772CCA004BE308 /* ActivityViewController.swift */,
				25484A3A245B21D2001C39E0 /* ContentView.swift */,
				258B1E43247872C2004BE308 /* SettingsView.swift */,
			);
			path = View;
			sourceTree = "<group>";
		};
		25C0789B246B0E6C00209EB2 /* ViewModel */ = {
			isa = PBXGroup;
			children = (
				25C0789D246B0E9A00209EB2 /* TipViewModel.swift */,
			);
			path = ViewModel;
			sourceTree = "<group>";
		};
/* End PBXGroup section */

/* Begin PBXNativeTarget section */
		25484A32245B21D2001C39E0 /* Quick Tip */ = {
			isa = PBXNativeTarget;
			buildConfigurationList = 25484A47245B21D5001C39E0 /* Build configuration list for PBXNativeTarget "Quick Tip" */;
			buildPhases = (
				25484A2F245B21D2001C39E0 /* Sources */,
				25484A30245B21D2001C39E0 /* Frameworks */,
				25484A31245B21D2001C39E0 /* Resources */,
				2510944D2460C599002F3E87 /* Embed Watch Content */,
			);
			buildRules = (
			);
			dependencies = (
			);
			name = "Quick Tip";
			productName = "Quick Tip";
			productReference = 25484A33245B21D2001C39E0 /* Quick Tip.app */;
			productType = "com.apple.product-type.application";
		};
/* End PBXNativeTarget section */

/* Begin PBXProject section */
		25484A2B245B21D2001C39E0 /* Project object */ = {
			isa = PBXProject;
			attributes = {
				LastSwiftUpdateCheck = 1130;
				LastUpgradeCheck = 1130;
				ORGANIZATIONNAME = "Anjali Kevadiya";
				TargetAttributes = {
					25484A32245B21D2001C39E0 = {
						CreatedOnToolsVersion = 11.3.1;
					};
				};
			};
			buildConfigurationList = 25484A2E245B21D2001C39E0 /* Build configuration list for PBXProject "Quick Tip" */;
			compatibilityVersion = "Xcode 9.3";
			developmentRegion = en;
			hasScannedForEncodings = 0;
			knownRegions = (
				en,
				Base,
			);
			mainGroup = 25484A2A245B21D2001C39E0;
			productRefGroup = 25484A34245B21D2001C39E0 /* Products */;
			projectDirPath = "";
			projectRoot = "";
			targets = (
				25484A32245B21D2001C39E0 /* Quick Tip */,
			);
		};
/* End PBXProject section */

/* Begin PBXResourcesBuildPhase section */
		25484A31245B21D2001C39E0 /* Resources */ = {
			isa = PBXResourcesBuildPhase;
			buildActionMask = 2147483647;
			files = (
				25484A43245B21D5001C39E0 /* LaunchScreen.storyboard in Resources */,
				25484A40245B21D5001C39E0 /* Preview Assets.xcassets in Resources */,
				25484A3D245B21D5001C39E0 /* Assets.xcassets in Resources */,
			);
			runOnlyForDeploymentPostprocessing = 0;
		};
/* End PBXResourcesBuildPhase section */

/* Begin PBXSourcesBuildPhase section */
		25484A2F245B21D2001C39E0 /* Sources */ = {
			isa = PBXSourcesBuildPhase;
			buildActionMask = 2147483647;
			files = (
				25C0789E246B0E9A00209EB2 /* TipViewModel.swift in Sources */,
				25484A37245B21D2001C39E0 /* AppDelegate.swift in Sources */,
				250728BF2475BF2100396FEC /* StoreKitHelper.swift in Sources */,
				258B1E3B24772CCA004BE308 /* ActivityViewController.swift in Sources */,
				25484A39245B21D2001C39E0 /* SceneDelegate.swift in Sources */,
				258B1E3F24772E9C004BE308 /* Extensions.swift in Sources */,
				25484A3B245B21D2001C39E0 /* ContentView.swift in Sources */,
				258B1E3D24772E48004BE308 /* ButtonStyleModifier.swift in Sources */,
				25484A57245BC1D5001C39E0 /* DismissKeyboardModifier.swift in Sources */,
				258B1E44247872C2004BE308 /* SettingsView.swift in Sources */,
				258B1E4224773460004BE308 /* TextFieldModifier.swift in Sources */,
				257F86A0246217840023A451 /* CurrencyTextField.swift in Sources */,
			);
			runOnlyForDeploymentPostprocessing = 0;
		};
/* End PBXSourcesBuildPhase section */

/* Begin PBXVariantGroup section */
		25484A41245B21D5001C39E0 /* LaunchScreen.storyboard */ = {
			isa = PBXVariantGroup;
			children = (
				25484A42245B21D5001C39E0 /* Base */,
			);
			name = LaunchScreen.storyboard;
			sourceTree = "<group>";
		};
/* End PBXVariantGroup section */

/* Begin XCBuildConfiguration section */
		25484A45245B21D5001C39E0 /* Debug */ = {
			isa = XCBuildConfiguration;
			buildSettings = {
				ALWAYS_SEARCH_USER_PATHS = NO;
				CLANG_ANALYZER_NONNULL = YES;
				CLANG_ANALYZER_NUMBER_OBJECT_CONVERSION = YES_AGGRESSIVE;
				CLANG_CXX_LANGUAGE_STANDARD = "gnu++14";
				CLANG_CXX_LIBRARY = "libc++";
				CLANG_ENABLE_MODULES = YES;
				CLANG_ENABLE_OBJC_ARC = YES;
				CLANG_ENABLE_OBJC_WEAK = YES;
				CLANG_WARN_BLOCK_CAPTURE_AUTORELEASING = YES;
				CLANG_WARN_BOOL_CONVERSION = YES;
				CLANG_WARN_COMMA = YES;
				CLANG_WARN_CONSTANT_CONVERSION = YES;
				CLANG_WARN_DEPRECATED_OBJC_IMPLEMENTATIONS = YES;
				CLANG_WARN_DIRECT_OBJC_ISA_USAGE = YES_ERROR;
				CLANG_WARN_DOCUMENTATION_COMMENTS = YES;
				CLANG_WARN_EMPTY_BODY = YES;
				CLANG_WARN_ENUM_CONVERSION = YES;
				CLANG_WARN_INFINITE_RECURSION = YES;
				CLANG_WARN_INT_CONVERSION = YES;
				CLANG_WARN_NON_LITERAL_NULL_CONVERSION = YES;
				CLANG_WARN_OBJC_IMPLICIT_RETAIN_SELF = YES;
				CLANG_WARN_OBJC_LITERAL_CONVERSION = YES;
				CLANG_WARN_OBJC_ROOT_CLASS = YES_ERROR;
				CLANG_WARN_RANGE_LOOP_ANALYSIS = YES;
				CLANG_WARN_STRICT_PROTOTYPES = YES;
				CLANG_WARN_SUSPICIOUS_MOVE = YES;
				CLANG_WARN_UNGUARDED_AVAILABILITY = YES_AGGRESSIVE;
				CLANG_WARN_UNREACHABLE_CODE = YES;
				CLANG_WARN__DUPLICATE_METHOD_MATCH = YES;
				COPY_PHASE_STRIP = NO;
				DEBUG_INFORMATION_FORMAT = dwarf;
				DEVELOPMENT_TEAM = M5A2AVTSB3;
				ENABLE_STRICT_OBJC_MSGSEND = YES;
				ENABLE_TESTABILITY = YES;
				GCC_C_LANGUAGE_STANDARD = gnu11;
				GCC_DYNAMIC_NO_PIC = NO;
				GCC_NO_COMMON_BLOCKS = YES;
				GCC_OPTIMIZATION_LEVEL = 0;
				GCC_PREPROCESSOR_DEFINITIONS = (
					"DEBUG=1",
					"$(inherited)",
				);
				GCC_WARN_64_TO_32_BIT_CONVERSION = YES;
				GCC_WARN_ABOUT_RETURN_TYPE = YES_ERROR;
				GCC_WARN_UNDECLARED_SELECTOR = YES;
				GCC_WARN_UNINITIALIZED_AUTOS = YES_AGGRESSIVE;
				GCC_WARN_UNUSED_FUNCTION = YES;
				GCC_WARN_UNUSED_VARIABLE = YES;
				IPHONEOS_DEPLOYMENT_TARGET = 13.2;
				MTL_ENABLE_DEBUG_INFO = INCLUDE_SOURCE;
				MTL_FAST_MATH = YES;
				ONLY_ACTIVE_ARCH = YES;
				SDKROOT = iphoneos;
				SWIFT_ACTIVE_COMPILATION_CONDITIONS = DEBUG;
				SWIFT_OPTIMIZATION_LEVEL = "-Onone";
			};
			name = Debug;
		};
		25484A46245B21D5001C39E0 /* Release */ = {
			isa = XCBuildConfiguration;
			buildSettings = {
				ALWAYS_SEARCH_USER_PATHS = NO;
				CLANG_ANALYZER_NONNULL = YES;
				CLANG_ANALYZER_NUMBER_OBJECT_CONVERSION = YES_AGGRESSIVE;
				CLANG_CXX_LANGUAGE_STANDARD = "gnu++14";
				CLANG_CXX_LIBRARY = "libc++";
				CLANG_ENABLE_MODULES = YES;
				CLANG_ENABLE_OBJC_ARC = YES;
				CLANG_ENABLE_OBJC_WEAK = YES;
				CLANG_WARN_BLOCK_CAPTURE_AUTORELEASING = YES;
				CLANG_WARN_BOOL_CONVERSION = YES;
				CLANG_WARN_COMMA = YES;
				CLANG_WARN_CONSTANT_CONVERSION = YES;
				CLANG_WARN_DEPRECATED_OBJC_IMPLEMENTATIONS = YES;
				CLANG_WARN_DIRECT_OBJC_ISA_USAGE = YES_ERROR;
				CLANG_WARN_DOCUMENTATION_COMMENTS = YES;
				CLANG_WARN_EMPTY_BODY = YES;
				CLANG_WARN_ENUM_CONVERSION = YES;
				CLANG_WARN_INFINITE_RECURSION = YES;
				CLANG_WARN_INT_CONVERSION = YES;
				CLANG_WARN_NON_LITERAL_NULL_CONVERSION = YES;
				CLANG_WARN_OBJC_IMPLICIT_RETAIN_SELF = YES;
				CLANG_WARN_OBJC_LITERAL_CONVERSION = YES;
				CLANG_WARN_OBJC_ROOT_CLASS = YES_ERROR;
				CLANG_WARN_RANGE_LOOP_ANALYSIS = YES;
				CLANG_WARN_STRICT_PROTOTYPES = YES;
				CLANG_WARN_SUSPICIOUS_MOVE = YES;
				CLANG_WARN_UNGUARDED_AVAILABILITY = YES_AGGRESSIVE;
				CLANG_WARN_UNREACHABLE_CODE = YES;
				CLANG_WARN__DUPLICATE_METHOD_MATCH = YES;
				COPY_PHASE_STRIP = NO;
				DEBUG_INFORMATION_FORMAT = "dwarf-with-dsym";
				DEVELOPMENT_TEAM = M5A2AVTSB3;
				ENABLE_NS_ASSERTIONS = NO;
				ENABLE_STRICT_OBJC_MSGSEND = YES;
				GCC_C_LANGUAGE_STANDARD = gnu11;
				GCC_NO_COMMON_BLOCKS = YES;
				GCC_WARN_64_TO_32_BIT_CONVERSION = YES;
				GCC_WARN_ABOUT_RETURN_TYPE = YES_ERROR;
				GCC_WARN_UNDECLARED_SELECTOR = YES;
				GCC_WARN_UNINITIALIZED_AUTOS = YES_AGGRESSIVE;
				GCC_WARN_UNUSED_FUNCTION = YES;
				GCC_WARN_UNUSED_VARIABLE = YES;
				IPHONEOS_DEPLOYMENT_TARGET = 13.2;
				MTL_ENABLE_DEBUG_INFO = NO;
				MTL_FAST_MATH = YES;
				SDKROOT = iphoneos;
				SWIFT_COMPILATION_MODE = wholemodule;
				SWIFT_OPTIMIZATION_LEVEL = "-O";
				VALIDATE_PRODUCT = YES;
			};
			name = Release;
		};
		25484A48245B21D5001C39E0 /* Debug */ = {
			isa = XCBuildConfiguration;
			buildSettings = {
				ASSETCATALOG_COMPILER_APPICON_NAME = AppIcon;
				CODE_SIGN_ENTITLEMENTS = "Quick Tip/Quick Tip.entitlements";
				CODE_SIGN_IDENTITY = "iPhone Developer: Anjali Kevadiya (7W563YVW98)";
				CODE_SIGN_STYLE = Manual;
				CURRENT_PROJECT_VERSION = 1;
				DEVELOPMENT_ASSET_PATHS = "\"Quick Tip/Preview Content\"";
				DEVELOPMENT_TEAM = M5A2AVTSB3;
				ENABLE_PREVIEWS = YES;
				INFOPLIST_FILE = "Quick Tip/Info.plist";
				IPHONEOS_DEPLOYMENT_TARGET = 13.0;
				LD_RUNPATH_SEARCH_PATHS = (
					"$(inherited)",
					"@executable_path/Frameworks",
				);
				MARKETING_VERSION = 1.1;
				PRODUCT_BUNDLE_IDENTIFIER = "com.anjaliKevadiya.Quick-Tip";
				PRODUCT_NAME = "$(TARGET_NAME)";
				PROVISIONING_PROFILE_SPECIFIER = QuickTipDevelopmentProfile;
				SUPPORTS_MACCATALYST = NO;
				SWIFT_VERSION = 5.0;
				TARGETED_DEVICE_FAMILY = 1;
			};
			name = Debug;
		};
		25484A49245B21D5001C39E0 /* Release */ = {
			isa = XCBuildConfiguration;
			buildSettings = {
				ASSETCATALOG_COMPILER_APPICON_NAME = AppIcon;
				CODE_SIGN_ENTITLEMENTS = "Quick Tip/Quick Tip.entitlements";
				CODE_SIGN_IDENTITY = "iPhone Developer: Anjali Kevadiya (7W563YVW98)";
				CODE_SIGN_STYLE = Manual;
				CURRENT_PROJECT_VERSION = 1;
				DEVELOPMENT_ASSET_PATHS = "\"Quick Tip/Preview Content\"";
				DEVELOPMENT_TEAM = M5A2AVTSB3;
				ENABLE_PREVIEWS = YES;
				INFOPLIST_FILE = "Quick Tip/Info.plist";
				IPHONEOS_DEPLOYMENT_TARGET = 13.0;
				LD_RUNPATH_SEARCH_PATHS = (
					"$(inherited)",
					"@executable_path/Frameworks",
				);
				MARKETING_VERSION = 1.1;
				PRODUCT_BUNDLE_IDENTIFIER = "com.anjaliKevadiya.Quick-Tip";
				PRODUCT_NAME = "$(TARGET_NAME)";
				PROVISIONING_PROFILE_SPECIFIER = QuickTipDevelopmentProfile;
				SUPPORTS_MACCATALYST = NO;
				SWIFT_VERSION = 5.0;
				TARGETED_DEVICE_FAMILY = 1;
			};
			name = Release;
		};
/* End XCBuildConfiguration section */

/* Begin XCConfigurationList section */
		25484A2E245B21D2001C39E0 /* Build configuration list for PBXProject "Quick Tip" */ = {
			isa = XCConfigurationList;
			buildConfigurations = (
				25484A45245B21D5001C39E0 /* Debug */,
				25484A46245B21D5001C39E0 /* Release */,
			);
			defaultConfigurationIsVisible = 0;
			defaultConfigurationName = Release;
		};
		25484A47245B21D5001C39E0 /* Build configuration list for PBXNativeTarget "Quick Tip" */ = {
			isa = XCConfigurationList;
			buildConfigurations = (
				25484A48245B21D5001C39E0 /* Debug */,
				25484A49245B21D5001C39E0 /* Release */,
			);
			defaultConfigurationIsVisible = 0;
			defaultConfigurationName = Release;
		};
/* End XCConfigurationList section */
	};
	rootObject = 25484A2B245B21D2001C39E0 /* Project object */;
}
